// !$*UTF8*$!
{
	archiveVersion = 1;
	classes = {
	};
	objectVersion = 56;
	objects = {

/* Begin PBXBuildFile section */
		78005C5A28F0BFA000F6B787 /* Extensions.swift in Sources */ = {isa = PBXBuildFile; fileRef = 78005C5928F0BFA000F6B787 /* Extensions.swift */; };
		7875444C28EC45DE0008A663 /* CafeTableViewCell.swift in Sources */ = {isa = PBXBuildFile; fileRef = 7875444B28EC45DE0008A663 /* CafeTableViewCell.swift */; };
		7875445028EF32980008A663 /* CafeRouteViewController.swift in Sources */ = {isa = PBXBuildFile; fileRef = 7875444F28EF32980008A663 /* CafeRouteViewController.swift */; };
		7875445428EF79BF0008A663 /* NearCafe.swift in Sources */ = {isa = PBXBuildFile; fileRef = 7875445328EF79BF0008A663 /* NearCafe.swift */; };
		78974AED28D9DF2D00477AE6 /* AppDelegate.swift in Sources */ = {isa = PBXBuildFile; fileRef = 78974AEC28D9DF2D00477AE6 /* AppDelegate.swift */; };
		78974AEF28D9DF2D00477AE6 /* SceneDelegate.swift in Sources */ = {isa = PBXBuildFile; fileRef = 78974AEE28D9DF2D00477AE6 /* SceneDelegate.swift */; };
		78974AF128D9DF2D00477AE6 /* ViewController.swift in Sources */ = {isa = PBXBuildFile; fileRef = 78974AF028D9DF2D00477AE6 /* ViewController.swift */; };
		78974AF628D9DF2E00477AE6 /* Assets.xcassets in Resources */ = {isa = PBXBuildFile; fileRef = 78974AF528D9DF2E00477AE6 /* Assets.xcassets */; };
		78974AF928D9DF2E00477AE6 /* LaunchScreen.storyboard in Resources */ = {isa = PBXBuildFile; fileRef = 78974AF728D9DF2E00477AE6 /* LaunchScreen.storyboard */; };
		78974B1728D9F4E200477AE6 /* FindCafeViewController.swift in Sources */ = {isa = PBXBuildFile; fileRef = 78974B1628D9F4E200477AE6 /* FindCafeViewController.swift */; };
		78974B1928D9F4F500477AE6 /* FindCafeViewModel.swift in Sources */ = {isa = PBXBuildFile; fileRef = 78974B1828D9F4F500477AE6 /* FindCafeViewModel.swift */; };
		78974B1E28D9FA1D00477AE6 /* RxCocoa in Frameworks */ = {isa = PBXBuildFile; productRef = 78974B1D28D9FA1D00477AE6 /* RxCocoa */; };
		78974B2028D9FA1D00477AE6 /* RxRelay in Frameworks */ = {isa = PBXBuildFile; productRef = 78974B1F28D9FA1D00477AE6 /* RxRelay */; };
		78974B2228D9FA1D00477AE6 /* RxSwift in Frameworks */ = {isa = PBXBuildFile; productRef = 78974B2128D9FA1D00477AE6 /* RxSwift */; };
		78974B2528D9FA5800477AE6 /* SnapKit in Frameworks */ = {isa = PBXBuildFile; productRef = 78974B2428D9FA5800477AE6 /* SnapKit */; };
		78974B2A28DA529100477AE6 /* Cafe.swift in Sources */ = {isa = PBXBuildFile; fileRef = 78974B2928DA529100477AE6 /* Cafe.swift */; };
		78974B2E28DB50BB00477AE6 /* Joke.swift in Sources */ = {isa = PBXBuildFile; fileRef = 78974B2D28DB50BB00477AE6 /* Joke.swift */; };
		78974B3028E26F2000477AE6 /* dataManager.swift in Sources */ = {isa = PBXBuildFile; fileRef = 78974B2F28E26F2000477AE6 /* dataManager.swift */; };
		78974B3228E26F6400477AE6 /* SearchCafe.swift in Sources */ = {isa = PBXBuildFile; fileRef = 78974B3128E26F6400477AE6 /* SearchCafe.swift */; };
		78974B3628E5E9DD00477AE6 /* iceSound.mp3 in Resources */ = {isa = PBXBuildFile; fileRef = 78974B3528E5E9DD00477AE6 /* iceSound.mp3 */; };
		78B6A6FF292D0D6200C0BB70 /* FindViewController+Binding.swift in Sources */ = {isa = PBXBuildFile; fileRef = 78B6A6FE292D0D6200C0BB70 /* FindViewController+Binding.swift */; };
		78DB7E7428F3F94000DB0C18 /* CafeInfo.swift in Sources */ = {isa = PBXBuildFile; fileRef = 78DB7E7328F3F94000DB0C18 /* CafeInfo.swift */; };
/* End PBXBuildFile section */

/* Begin PBXFileReference section */
		78005C5928F0BFA000F6B787 /* Extensions.swift */ = {isa = PBXFileReference; lastKnownFileType = sourcecode.swift; path = Extensions.swift; sourceTree = "<group>"; };
		7875444B28EC45DE0008A663 /* CafeTableViewCell.swift */ = {isa = PBXFileReference; lastKnownFileType = sourcecode.swift; path = CafeTableViewCell.swift; sourceTree = "<group>"; };
		7875444F28EF32980008A663 /* CafeRouteViewController.swift */ = {isa = PBXFileReference; lastKnownFileType = sourcecode.swift; path = CafeRouteViewController.swift; sourceTree = "<group>"; };
		7875445328EF79BF0008A663 /* NearCafe.swift */ = {isa = PBXFileReference; lastKnownFileType = sourcecode.swift; path = NearCafe.swift; sourceTree = "<group>"; };
		78974AE928D9DF2D00477AE6 /* AAonecup.app */ = {isa = PBXFileReference; explicitFileType = wrapper.application; includeInIndex = 0; path = AAonecup.app; sourceTree = BUILT_PRODUCTS_DIR; };
		78974AEC28D9DF2D00477AE6 /* AppDelegate.swift */ = {isa = PBXFileReference; lastKnownFileType = sourcecode.swift; path = AppDelegate.swift; sourceTree = "<group>"; };
		78974AEE28D9DF2D00477AE6 /* SceneDelegate.swift */ = {isa = PBXFileReference; lastKnownFileType = sourcecode.swift; path = SceneDelegate.swift; sourceTree = "<group>"; };
		78974AF028D9DF2D00477AE6 /* ViewController.swift */ = {isa = PBXFileReference; lastKnownFileType = sourcecode.swift; path = ViewController.swift; sourceTree = "<group>"; };
		78974AF528D9DF2E00477AE6 /* Assets.xcassets */ = {isa = PBXFileReference; lastKnownFileType = folder.assetcatalog; path = Assets.xcassets; sourceTree = "<group>"; };
		78974AF828D9DF2E00477AE6 /* Base */ = {isa = PBXFileReference; lastKnownFileType = file.storyboard; name = Base; path = Base.lproj/LaunchScreen.storyboard; sourceTree = "<group>"; };
		78974AFA28D9DF2E00477AE6 /* Info.plist */ = {isa = PBXFileReference; lastKnownFileType = text.plist.xml; path = Info.plist; sourceTree = "<group>"; };
		78974B1628D9F4E200477AE6 /* FindCafeViewController.swift */ = {isa = PBXFileReference; lastKnownFileType = sourcecode.swift; path = FindCafeViewController.swift; sourceTree = "<group>"; };
		78974B1828D9F4F500477AE6 /* FindCafeViewModel.swift */ = {isa = PBXFileReference; lastKnownFileType = sourcecode.swift; path = FindCafeViewModel.swift; sourceTree = "<group>"; };
		78974B2928DA529100477AE6 /* Cafe.swift */ = {isa = PBXFileReference; lastKnownFileType = sourcecode.swift; path = Cafe.swift; sourceTree = "<group>"; };
		78974B2D28DB50BB00477AE6 /* Joke.swift */ = {isa = PBXFileReference; lastKnownFileType = sourcecode.swift; path = Joke.swift; sourceTree = "<group>"; };
		78974B2F28E26F2000477AE6 /* dataManager.swift */ = {isa = PBXFileReference; lastKnownFileType = sourcecode.swift; path = dataManager.swift; sourceTree = "<group>"; };
		78974B3128E26F6400477AE6 /* SearchCafe.swift */ = {isa = PBXFileReference; lastKnownFileType = sourcecode.swift; path = SearchCafe.swift; sourceTree = "<group>"; };
		78974B3528E5E9DD00477AE6 /* iceSound.mp3 */ = {isa = PBXFileReference; lastKnownFileType = audio.mp3; path = iceSound.mp3; sourceTree = "<group>"; };
		78B6A6FE292D0D6200C0BB70 /* FindViewController+Binding.swift */ = {isa = PBXFileReference; lastKnownFileType = sourcecode.swift; path = "FindViewController+Binding.swift"; sourceTree = "<group>"; };
		78DB7E7328F3F94000DB0C18 /* CafeInfo.swift */ = {isa = PBXFileReference; lastKnownFileType = sourcecode.swift; path = CafeInfo.swift; sourceTree = "<group>"; };
/* End PBXFileReference section */

/* Begin PBXFrameworksBuildPhase section */
		78974AE628D9DF2D00477AE6 /* Frameworks */ = {
			isa = PBXFrameworksBuildPhase;
			buildActionMask = 2147483647;
			files = (
				78974B2228D9FA1D00477AE6 /* RxSwift in Frameworks */,
				78974B2528D9FA5800477AE6 /* SnapKit in Frameworks */,
				78974B2028D9FA1D00477AE6 /* RxRelay in Frameworks */,
				78974B1E28D9FA1D00477AE6 /* RxCocoa in Frameworks */,
			);
			runOnlyForDeploymentPostprocessing = 0;
		};
/* End PBXFrameworksBuildPhase section */

/* Begin PBXGroup section */
		7875444D28EF323D0008A663 /* CafeRouteScene */ = {
			isa = PBXGroup;
			children = (
				7875444F28EF32980008A663 /* CafeRouteViewController.swift */,
			);
			path = CafeRouteScene;
			sourceTree = "<group>";
		};
		78974AE028D9DF2D00477AE6 = {
			isa = PBXGroup;
			children = (
				78974AEB28D9DF2D00477AE6 /* AAonecup */,
				78974AEA28D9DF2D00477AE6 /* Products */,
			);
			sourceTree = "<group>";
		};
		78974AEA28D9DF2D00477AE6 /* Products */ = {
			isa = PBXGroup;
			children = (
				78974AE928D9DF2D00477AE6 /* AAonecup.app */,
			);
			name = Products;
			sourceTree = "<group>";
		};
		78974AEB28D9DF2D00477AE6 /* AAonecup */ = {
			isa = PBXGroup;
			children = (
				78974B0028D9E73200477AE6 /* Application */,
				78974B0528D9E7D900477AE6 /* Util */,
				78974B0428D9E7A600477AE6 /* Resource */,
				78974B0328D9E77500477AE6 /* Presentation */,
				78974B0228D9E76B00477AE6 /* Network */,
				78974B0128D9E76600477AE6 /* Domain */,
				78974AF028D9DF2D00477AE6 /* ViewController.swift */,
				78974AF728D9DF2E00477AE6 /* LaunchScreen.storyboard */,
				78974AFA28D9DF2E00477AE6 /* Info.plist */,
			);
			path = AAonecup;
			sourceTree = "<group>";
		};
		78974B0028D9E73200477AE6 /* Application */ = {
			isa = PBXGroup;
			children = (
				78974AEC28D9DF2D00477AE6 /* AppDelegate.swift */,
				78974AEE28D9DF2D00477AE6 /* SceneDelegate.swift */,
			);
			path = Application;
			sourceTree = "<group>";
		};
		78974B0128D9E76600477AE6 /* Domain */ = {
			isa = PBXGroup;
			children = (
				78974B0628D9E80700477AE6 /* Model */,
			);
			path = Domain;
			sourceTree = "<group>";
		};
		78974B0228D9E76B00477AE6 /* Network */ = {
			isa = PBXGroup;
			children = (
				78974B2F28E26F2000477AE6 /* dataManager.swift */,
				78974B3128E26F6400477AE6 /* SearchCafe.swift */,
			);
			path = Network;
			sourceTree = "<group>";
		};
		78974B0328D9E77500477AE6 /* Presentation */ = {
			isa = PBXGroup;
			children = (
				7875444D28EF323D0008A663 /* CafeRouteScene */,
				78974B1528D9F4B100477AE6 /* FindCafeScene */,
			);
			path = Presentation;
			sourceTree = "<group>";
		};
		78974B0428D9E7A600477AE6 /* Resource */ = {
			isa = PBXGroup;
			children = (
				78974B3528E5E9DD00477AE6 /* iceSound.mp3 */,
				78974AF528D9DF2E00477AE6 /* Assets.xcassets */,
			);
			path = Resource;
			sourceTree = "<group>";
		};
		78974B0528D9E7D900477AE6 /* Util */ = {
			isa = PBXGroup;
			children = (
				78005C5928F0BFA000F6B787 /* Extensions.swift */,
			);
			path = Util;
			sourceTree = "<group>";
		};
		78974B0628D9E80700477AE6 /* Model */ = {
			isa = PBXGroup;
			children = (
				78974B2928DA529100477AE6 /* Cafe.swift */,
				78974B2D28DB50BB00477AE6 /* Joke.swift */,
				7875445328EF79BF0008A663 /* NearCafe.swift */,
				78DB7E7328F3F94000DB0C18 /* CafeInfo.swift */,
			);
			path = Model;
			sourceTree = "<group>";
		};
		78974B1528D9F4B100477AE6 /* FindCafeScene */ = {
			isa = PBXGroup;
			children = (
				78974B2628D9FB2000477AE6 /* FindCafeViews */,
				78974B1628D9F4E200477AE6 /* FindCafeViewController.swift */,
				78B6A6FE292D0D6200C0BB70 /* FindViewController+Binding.swift */,
				78974B1828D9F4F500477AE6 /* FindCafeViewModel.swift */,
			);
			path = FindCafeScene;
			sourceTree = "<group>";
		};
		78974B2628D9FB2000477AE6 /* FindCafeViews */ = {
			isa = PBXGroup;
			children = (
				7875444B28EC45DE0008A663 /* CafeTableViewCell.swift */,
			);
			path = FindCafeViews;
			sourceTree = "<group>";
		};
/* End PBXGroup section */

/* Begin PBXNativeTarget section */
		78974AE828D9DF2D00477AE6 /* AAonecup */ = {
			isa = PBXNativeTarget;
			buildConfigurationList = 78974AFD28D9DF2E00477AE6 /* Build configuration list for PBXNativeTarget "AAonecup" */;
			buildPhases = (
				78974AE528D9DF2D00477AE6 /* Sources */,
				78974AE628D9DF2D00477AE6 /* Frameworks */,
				78974AE728D9DF2D00477AE6 /* Resources */,
			);
			buildRules = (
			);
			dependencies = (
			);
			name = AAonecup;
			packageProductDependencies = (
				78974B1D28D9FA1D00477AE6 /* RxCocoa */,
				78974B1F28D9FA1D00477AE6 /* RxRelay */,
				78974B2128D9FA1D00477AE6 /* RxSwift */,
				78974B2428D9FA5800477AE6 /* SnapKit */,
			);
			productName = AAonecup;
			productReference = 78974AE928D9DF2D00477AE6 /* AAonecup.app */;
			productType = "com.apple.product-type.application";
		};
/* End PBXNativeTarget section */

/* Begin PBXProject section */
		78974AE128D9DF2D00477AE6 /* Project object */ = {
			isa = PBXProject;
			attributes = {
				BuildIndependentTargetsInParallel = 1;
				LastSwiftUpdateCheck = 1400;
				LastUpgradeCheck = 1400;
				TargetAttributes = {
					78974AE828D9DF2D00477AE6 = {
						CreatedOnToolsVersion = 14.0;
					};
				};
			};
			buildConfigurationList = 78974AE428D9DF2D00477AE6 /* Build configuration list for PBXProject "AAonecup" */;
			compatibilityVersion = "Xcode 14.0";
			developmentRegion = en;
			hasScannedForEncodings = 0;
			knownRegions = (
				en,
				Base,
			);
			mainGroup = 78974AE028D9DF2D00477AE6;
			packageReferences = (
				78974B1C28D9FA1D00477AE6 /* XCRemoteSwiftPackageReference "RxSwift" */,
				78974B2328D9FA5800477AE6 /* XCRemoteSwiftPackageReference "SnapKit" */,
			);
			productRefGroup = 78974AEA28D9DF2D00477AE6 /* Products */;
			projectDirPath = "";
			projectRoot = "";
			targets = (
				78974AE828D9DF2D00477AE6 /* AAonecup */,
			);
		};
/* End PBXProject section */

/* Begin PBXResourcesBuildPhase section */
		78974AE728D9DF2D00477AE6 /* Resources */ = {
			isa = PBXResourcesBuildPhase;
			buildActionMask = 2147483647;
			files = (
				78974B3628E5E9DD00477AE6 /* iceSound.mp3 in Resources */,
				78974AF928D9DF2E00477AE6 /* LaunchScreen.storyboard in Resources */,
				78974AF628D9DF2E00477AE6 /* Assets.xcassets in Resources */,
			);
			runOnlyForDeploymentPostprocessing = 0;
		};
/* End PBXResourcesBuildPhase section */

/* Begin PBXSourcesBuildPhase section */
		78974AE528D9DF2D00477AE6 /* Sources */ = {
			isa = PBXSourcesBuildPhase;
			buildActionMask = 2147483647;
			files = (
				7875444C28EC45DE0008A663 /* CafeTableViewCell.swift in Sources */,
				78974B3228E26F6400477AE6 /* SearchCafe.swift in Sources */,
				78B6A6FF292D0D6200C0BB70 /* FindViewController+Binding.swift in Sources */,
				78974AF128D9DF2D00477AE6 /* ViewController.swift in Sources */,
				78DB7E7428F3F94000DB0C18 /* CafeInfo.swift in Sources */,
				78974AED28D9DF2D00477AE6 /* AppDelegate.swift in Sources */,
				7875445028EF32980008A663 /* CafeRouteViewController.swift in Sources */,
				78974B2A28DA529100477AE6 /* Cafe.swift in Sources */,
				78974B1928D9F4F500477AE6 /* FindCafeViewModel.swift in Sources */,
				78974B1728D9F4E200477AE6 /* FindCafeViewController.swift in Sources */,
				78974B2E28DB50BB00477AE6 /* Joke.swift in Sources */,
				78005C5A28F0BFA000F6B787 /* Extensions.swift in Sources */,
				78974B3028E26F2000477AE6 /* dataManager.swift in Sources */,
				78974AEF28D9DF2D00477AE6 /* SceneDelegate.swift in Sources */,
				7875445428EF79BF0008A663 /* NearCafe.swift in Sources */,
			);
			runOnlyForDeploymentPostprocessing = 0;
		};
/* End PBXSourcesBuildPhase section */

/* Begin PBXVariantGroup section */
		78974AF728D9DF2E00477AE6 /* LaunchScreen.storyboard */ = {
			isa = PBXVariantGroup;
			children = (
				78974AF828D9DF2E00477AE6 /* Base */,
			);
			name = LaunchScreen.storyboard;
			sourceTree = "<group>";
		};
/* End PBXVariantGroup section */

/* Begin XCBuildConfiguration section */
		78974AFB28D9DF2E00477AE6 /* Debug */ = {
			isa = XCBuildConfiguration;
			buildSettings = {
				ALWAYS_SEARCH_USER_PATHS = NO;
				CLANG_ANALYZER_NONNULL = YES;
				CLANG_ANALYZER_NUMBER_OBJECT_CONVERSION = YES_AGGRESSIVE;
				CLANG_CXX_LANGUAGE_STANDARD = "gnu++20";
				CLANG_ENABLE_MODULES = YES;
				CLANG_ENABLE_OBJC_ARC = YES;
				CLANG_ENABLE_OBJC_WEAK = YES;
				CLANG_WARN_BLOCK_CAPTURE_AUTORELEASING = YES;
				CLANG_WARN_BOOL_CONVERSION = YES;
				CLANG_WARN_COMMA = YES;
				CLANG_WARN_CONSTANT_CONVERSION = YES;
				CLANG_WARN_DEPRECATED_OBJC_IMPLEMENTATIONS = YES;
				CLANG_WARN_DIRECT_OBJC_ISA_USAGE = YES_ERROR;
				CLANG_WARN_DOCUMENTATION_COMMENTS = YES;
				CLANG_WARN_EMPTY_BODY = YES;
				CLANG_WARN_ENUM_CONVERSION = YES;
				CLANG_WARN_INFINITE_RECURSION = YES;
				CLANG_WARN_INT_CONVERSION = YES;
				CLANG_WARN_NON_LITERAL_NULL_CONVERSION = YES;
				CLANG_WARN_OBJC_IMPLICIT_RETAIN_SELF = YES;
				CLANG_WARN_OBJC_LITERAL_CONVERSION = YES;
				CLANG_WARN_OBJC_ROOT_CLASS = YES_ERROR;
				CLANG_WARN_QUOTED_INCLUDE_IN_FRAMEWORK_HEADER = YES;
				CLANG_WARN_RANGE_LOOP_ANALYSIS = YES;
				CLANG_WARN_STRICT_PROTOTYPES = YES;
				CLANG_WARN_SUSPICIOUS_MOVE = YES;
				CLANG_WARN_UNGUARDED_AVAILABILITY = YES_AGGRESSIVE;
				CLANG_WARN_UNREACHABLE_CODE = YES;
				CLANG_WARN__DUPLICATE_METHOD_MATCH = YES;
				COPY_PHASE_STRIP = NO;
				DEBUG_INFORMATION_FORMAT = dwarf;
				ENABLE_STRICT_OBJC_MSGSEND = YES;
				ENABLE_TESTABILITY = YES;
				ENABLE_TESTING_SEARCH_PATHS = NO;
				GCC_C_LANGUAGE_STANDARD = gnu11;
				GCC_DYNAMIC_NO_PIC = NO;
				GCC_NO_COMMON_BLOCKS = YES;
				GCC_OPTIMIZATION_LEVEL = 0;
				GCC_PREPROCESSOR_DEFINITIONS = (
					"DEBUG=1",
					"$(inherited)",
				);
				GCC_WARN_64_TO_32_BIT_CONVERSION = YES;
				GCC_WARN_ABOUT_RETURN_TYPE = YES_ERROR;
				GCC_WARN_UNDECLARED_SELECTOR = YES;
				GCC_WARN_UNINITIALIZED_AUTOS = YES_AGGRESSIVE;
				GCC_WARN_UNUSED_FUNCTION = YES;
				GCC_WARN_UNUSED_VARIABLE = YES;
				IPHONEOS_DEPLOYMENT_TARGET = 14.0;
				MTL_ENABLE_DEBUG_INFO = INCLUDE_SOURCE;
				MTL_FAST_MATH = YES;
				ONLY_ACTIVE_ARCH = YES;
				SDKROOT = iphoneos;
				SWIFT_ACTIVE_COMPILATION_CONDITIONS = DEBUG;
				SWIFT_OPTIMIZATION_LEVEL = "-Onone";
			};
			name = Debug;
		};
		78974AFC28D9DF2E00477AE6 /* Release */ = {
			isa = XCBuildConfiguration;
			buildSettings = {
				ALWAYS_SEARCH_USER_PATHS = NO;
				CLANG_ANALYZER_NONNULL = YES;
				CLANG_ANALYZER_NUMBER_OBJECT_CONVERSION = YES_AGGRESSIVE;
				CLANG_CXX_LANGUAGE_STANDARD = "gnu++20";
				CLANG_ENABLE_MODULES = YES;
				CLANG_ENABLE_OBJC_ARC = YES;
				CLANG_ENABLE_OBJC_WEAK = YES;
				CLANG_WARN_BLOCK_CAPTURE_AUTORELEASING = YES;
				CLANG_WARN_BOOL_CONVERSION = YES;
				CLANG_WARN_COMMA = YES;
				CLANG_WARN_CONSTANT_CONVERSION = YES;
				CLANG_WARN_DEPRECATED_OBJC_IMPLEMENTATIONS = YES;
				CLANG_WARN_DIRECT_OBJC_ISA_USAGE = YES_ERROR;
				CLANG_WARN_DOCUMENTATION_COMMENTS = YES;
				CLANG_WARN_EMPTY_BODY = YES;
				CLANG_WARN_ENUM_CONVERSION = YES;
				CLANG_WARN_INFINITE_RECURSION = YES;
				CLANG_WARN_INT_CONVERSION = YES;
				CLANG_WARN_NON_LITERAL_NULL_CONVERSION = YES;
				CLANG_WARN_OBJC_IMPLICIT_RETAIN_SELF = YES;
				CLANG_WARN_OBJC_LITERAL_CONVERSION = YES;
				CLANG_WARN_OBJC_ROOT_CLASS = YES_ERROR;
				CLANG_WARN_QUOTED_INCLUDE_IN_FRAMEWORK_HEADER = YES;
				CLANG_WARN_RANGE_LOOP_ANALYSIS = YES;
				CLANG_WARN_STRICT_PROTOTYPES = YES;
				CLANG_WARN_SUSPICIOUS_MOVE = YES;
				CLANG_WARN_UNGUARDED_AVAILABILITY = YES_AGGRESSIVE;
				CLANG_WARN_UNREACHABLE_CODE = YES;
				CLANG_WARN__DUPLICATE_METHOD_MATCH = YES;
				COPY_PHASE_STRIP = NO;
				DEBUG_INFORMATION_FORMAT = "dwarf-with-dsym";
				ENABLE_NS_ASSERTIONS = NO;
				ENABLE_STRICT_OBJC_MSGSEND = YES;
				ENABLE_TESTING_SEARCH_PATHS = NO;
				GCC_C_LANGUAGE_STANDARD = gnu11;
				GCC_NO_COMMON_BLOCKS = YES;
				GCC_WARN_64_TO_32_BIT_CONVERSION = YES;
				GCC_WARN_ABOUT_RETURN_TYPE = YES_ERROR;
				GCC_WARN_UNDECLARED_SELECTOR = YES;
				GCC_WARN_UNINITIALIZED_AUTOS = YES_AGGRESSIVE;
				GCC_WARN_UNUSED_FUNCTION = YES;
				GCC_WARN_UNUSED_VARIABLE = YES;
				IPHONEOS_DEPLOYMENT_TARGET = 14.0;
				MTL_ENABLE_DEBUG_INFO = NO;
				MTL_FAST_MATH = YES;
				SDKROOT = iphoneos;
				SWIFT_COMPILATION_MODE = wholemodule;
				SWIFT_OPTIMIZATION_LEVEL = "-O";
				VALIDATE_PRODUCT = YES;
			};
			name = Release;
		};
		78974AFE28D9DF2E00477AE6 /* Debug */ = {
			isa = XCBuildConfiguration;
			buildSettings = {
				ASSETCATALOG_COMPILER_APPICON_NAME = AppIcon;
				ASSETCATALOG_COMPILER_GLOBAL_ACCENT_COLOR_NAME = AccentColor;
				CODE_SIGN_STYLE = Automatic;
				CURRENT_PROJECT_VERSION = 1;
				DEVELOPMENT_TEAM = MSUF83HQ8R;
				EXCLUDED_ARCHS = "";
				GENERATE_INFOPLIST_FILE = YES;
				INFOPLIST_FILE = AAonecup/Info.plist;
				INFOPLIST_KEY_NSLocationWhenInUseUsageDescription = "Location value will use for find near cafes and will not save in any other place.";
				INFOPLIST_KEY_UIApplicationSupportsIndirectInputEvents = YES;
				INFOPLIST_KEY_UILaunchStoryboardName = LaunchScreen.storyboard;
				INFOPLIST_KEY_UISupportedInterfaceOrientations = UIInterfaceOrientationPortrait;
				INFOPLIST_KEY_UISupportedInterfaceOrientations_iPad = "UIInterfaceOrientationLandscapeLeft UIInterfaceOrientationLandscapeRight UIInterfaceOrientationPortrait UIInterfaceOrientationPortraitUpsideDown";
				INFOPLIST_KEY_UIUserInterfaceStyle = Light;
				IPHONEOS_DEPLOYMENT_TARGET = 14.0;
				LD_RUNPATH_SEARCH_PATHS = (
					"$(inherited)",
					"@executable_path/Frameworks",
				);
				MARKETING_VERSION = 1.0;
				PRODUCT_BUNDLE_IDENTIFIER = com.dodo.AAonecup;
				PRODUCT_NAME = "$(TARGET_NAME)";
				SUPPORTED_PLATFORMS = "iphoneos iphonesimulator";
				SUPPORTS_MACCATALYST = NO;
				SUPPORTS_MAC_DESIGNED_FOR_IPHONE_IPAD = NO;
				SWIFT_EMIT_LOC_STRINGS = YES;
				SWIFT_VERSION = 5.0;
				TARGETED_DEVICE_FAMILY = 1;
			};
			name = Debug;
		};
		78974AFF28D9DF2E00477AE6 /* Release */ = {
			isa = XCBuildConfiguration;
			buildSettings = {
				ASSETCATALOG_COMPILER_APPICON_NAME = AppIcon;
				ASSETCATALOG_COMPILER_GLOBAL_ACCENT_COLOR_NAME = AccentColor;
				CODE_SIGN_STYLE = Automatic;
				CURRENT_PROJECT_VERSION = 1;
				DEVELOPMENT_TEAM = MSUF83HQ8R;
				EXCLUDED_ARCHS = "";
				GENERATE_INFOPLIST_FILE = YES;
				INFOPLIST_FILE = AAonecup/Info.plist;
				INFOPLIST_KEY_NSLocationWhenInUseUsageDescription = "Location value will use for find near cafes and will not save in any other place.";
				INFOPLIST_KEY_UIApplicationSupportsIndirectInputEvents = YES;
				INFOPLIST_KEY_UILaunchStoryboardName = LaunchScreen.storyboard;
				INFOPLIST_KEY_UISupportedInterfaceOrientations = UIInterfaceOrientationPortrait;
				INFOPLIST_KEY_UISupportedInterfaceOrientations_iPad = "UIInterfaceOrientationLandscapeLeft UIInterfaceOrientationLandscapeRight UIInterfaceOrientationPortrait UIInterfaceOrientationPortraitUpsideDown";
				INFOPLIST_KEY_UIUserInterfaceStyle = Light;
				IPHONEOS_DEPLOYMENT_TARGET = 14.0;
				LD_RUNPATH_SEARCH_PATHS = (
					"$(inherited)",
					"@executable_path/Frameworks",
				);
				MARKETING_VERSION = 1.0;
				PRODUCT_BUNDLE_IDENTIFIER = com.dodo.AAonecup;
				PRODUCT_NAME = "$(TARGET_NAME)";
				SUPPORTED_PLATFORMS = "iphoneos iphonesimulator";
				SUPPORTS_MACCATALYST = NO;
				SUPPORTS_MAC_DESIGNED_FOR_IPHONE_IPAD = NO;
				SWIFT_EMIT_LOC_STRINGS = YES;
				SWIFT_VERSION = 5.0;
				TARGETED_DEVICE_FAMILY = 1;
			};
			name = Release;
		};
/* End XCBuildConfiguration section */

/* Begin XCConfigurationList section */
		78974AE428D9DF2D00477AE6 /* Build configuration list for PBXProject "AAonecup" */ = {
			isa = XCConfigurationList;
			buildConfigurations = (
				78974AFB28D9DF2E00477AE6 /* Debug */,
				78974AFC28D9DF2E00477AE6 /* Release */,
			);
			defaultConfigurationIsVisible = 0;
			defaultConfigurationName = Release;
		};
		78974AFD28D9DF2E00477AE6 /* Build configuration list for PBXNativeTarget "AAonecup" */ = {
			isa = XCConfigurationList;
			buildConfigurations = (
				78974AFE28D9DF2E00477AE6 /* Debug */,
				78974AFF28D9DF2E00477AE6 /* Release */,
			);
			defaultConfigurationIsVisible = 0;
			defaultConfigurationName = Release;
		};
/* End XCConfigurationList section */

/* Begin XCRemoteSwiftPackageReference section */
		78974B1C28D9FA1D00477AE6 /* XCRemoteSwiftPackageReference "RxSwift" */ = {
			isa = XCRemoteSwiftPackageReference;
			repositoryURL = "https://github.com/ReactiveX/RxSwift";
			requirement = {
				branch = main;
				kind = branch;
			};
		};
		78974B2328D9FA5800477AE6 /* XCRemoteSwiftPackageReference "SnapKit" */ = {
			isa = XCRemoteSwiftPackageReference;
			repositoryURL = "https://github.com/SnapKit/SnapKit.git";
			requirement = {
				branch = develop;
				kind = branch;
			};
		};
/* End XCRemoteSwiftPackageReference section */

/* Begin XCSwiftPackageProductDependency section */
		78974B1D28D9FA1D00477AE6 /* RxCocoa */ = {
			isa = XCSwiftPackageProductDependency;
			package = 78974B1C28D9FA1D00477AE6 /* XCRemoteSwiftPackageReference "RxSwift" */;
			productName = RxCocoa;
		};
		78974B1F28D9FA1D00477AE6 /* RxRelay */ = {
			isa = XCSwiftPackageProductDependency;
			package = 78974B1C28D9FA1D00477AE6 /* XCRemoteSwiftPackageReference "RxSwift" */;
			productName = RxRelay;
		};
		78974B2128D9FA1D00477AE6 /* RxSwift */ = {
			isa = XCSwiftPackageProductDependency;
			package = 78974B1C28D9FA1D00477AE6 /* XCRemoteSwiftPackageReference "RxSwift" */;
			productName = RxSwift;
		};
		78974B2428D9FA5800477AE6 /* SnapKit */ = {
			isa = XCSwiftPackageProductDependency;
			package = 78974B2328D9FA5800477AE6 /* XCRemoteSwiftPackageReference "SnapKit" */;
			productName = SnapKit;
		};
/* End XCSwiftPackageProductDependency section */
	};
	rootObject = 78974AE128D9DF2D00477AE6 /* Project object */;
}
